
Microsoft Visual Studio Solution File, Format Version 12.00
# Visual Studio Version 17
VisualStudioVersion = 17.2.32630.192
MinimumVisualStudioVersion = 10.0.40219.1
Project("{FAE04EC0-301F-11D3-BF4B-00C04F79EFBC}") = "ClassRoomMVC", "ClassRoomMVC\ClassRoomMVC.csproj", "{5BD1B906-2C63-45E2-95FA-327851284102}"
EndProject
Global
	GlobalSection(SolutionConfigurationPlatforms) = preSolution
		Debug|Any CPU = Debug|Any CPU
		Release|Any CPU = Release|Any CPU
	EndGlobalSection
	GlobalSection(ProjectConfigurationPlatforms) = postSolution
		{5BD1B906-2C63-45E2-95FA-327851284102}.Debug|Any CPU.ActiveCfg = Debug|Any CPU
		{5BD1B906-2C63-45E2-95FA-327851284102}.Debug|Any CPU.Build.0 = Debug|Any CPU
		{5BD1B906-2C63-45E2-95FA-327851284102}.Release|Any CPU.ActiveCfg = Release|Any CPU
		{5BD1B906-2C63-45E2-95FA-327851284102}.Release|Any CPU.Build.0 = Release|Any CPU
	EndGlobalSection
	GlobalSection(SolutionProperties) = preSolution
		HideSolutionNode = FALSE
	EndGlobalSection
	GlobalSection(ExtensibilityGlobals) = postSolution
		SolutionGuid = {62AD59AE-116F-4244-9F69-6C60F9D32917}
	EndGlobalSection
EndGlobal
