
Microsoft Visual Studio Solution File, Format Version 12.00
# Visual Studio Version 17
VisualStudioVersion = 17.3.32929.385
MinimumVisualStudioVersion = 10.0.40219.1
Project("{FAE04EC0-301F-11D3-BF4B-00C04F79EFBC}") = "WebApplication1", "WebApplication1\WebApplication1.csproj", "{7CE6B321-6A85-4B70-9D00-57313C4A221E}"
EndProject
Global
	GlobalSection(SolutionConfigurationPlatforms) = preSolution
		Debug|Any CPU = Debug|Any CPU
		Release|Any CPU = Release|Any CPU
	EndGlobalSection
	GlobalSection(ProjectConfigurationPlatforms) = postSolution
		{7CE6B321-6A85-4B70-9D00-57313C4A221E}.Debug|Any CPU.ActiveCfg = Debug|Any CPU
		{7CE6B321-6A85-4B70-9D00-57313C4A221E}.Debug|Any CPU.Build.0 = Debug|Any CPU
		{7CE6B321-6A85-4B70-9D00-57313C4A221E}.Release|Any CPU.ActiveCfg = Release|Any CPU
		{7CE6B321-6A85-4B70-9D00-57313C4A221E}.Release|Any CPU.Build.0 = Release|Any CPU
	EndGlobalSection
	GlobalSection(SolutionProperties) = preSolution
		HideSolutionNode = FALSE
	EndGlobalSection
	GlobalSection(ExtensibilityGlobals) = postSolution
		SolutionGuid = {7A7C7868-1588-414F-A14E-486F2DD65A3F}
	EndGlobalSection
EndGlobal
